
Microsoft Visual Studio Solution File, Format Version 12.00
# Visual Studio Version 17
VisualStudioVersion = 17.4.32725.66
MinimumVisualStudioVersion = 10.0.40219.1
Project("{9A19103F-16F7-4668-BE54-9A1E7A4F7556}") = "DemoApp.Model", "DemoApp.Model\DemoApp.Model.csproj", "{B4141809-E1AC-4301-809B-3D10C515B476}"
EndProject
Project("{2150E333-8FDC-42A3-9474-1A3956D46DE8}") = "Solution Items", "Solution Items", "{D845B0E0-7337-4682-88E0-49AD2CE7E5BB}"
	ProjectSection(SolutionItems) = preProject
		.editorconfig = .editorconfig
	EndProjectSection
EndProject
Project("{9A19103F-16F7-4668-BE54-9A1E7A4F7556}") = "DemoApp.Backend", "DemoApp.Backend\DemoApp.Backend.csproj", "{B16C4F64-BFBD-4C58-A0B5-6632CFD922CD}"
EndProject
Project("{9A19103F-16F7-4668-BE54-9A1E7A4F7556}") = "DemoApp.WebClient", "DemoApp.WebClient\DemoApp.WebClient.csproj", "{F7E16B09-4C59-4051-8FF9-8A31F5956767}"
EndProject
Project("{9A19103F-16F7-4668-BE54-9A1E7A4F7556}") = "DemoApp.MobileApp", "DemoApp.MobileApp\DemoApp.MobileApp.csproj", "{CA866D46-923F-4E5F-AFAF-D60B0DF01825}"
EndProject
Project("{9A19103F-16F7-4668-BE54-9A1E7A4F7556}") = "DemoApp.Components", "DemoApp.Components\DemoApp.Components.csproj", "{4EDEA780-744B-4A84-93E3-59E3B0071D84}"
EndProject
Project("{9A19103F-16F7-4668-BE54-9A1E7A4F7556}") = "DemoApp.Components.Auth", "DemoApp.Components.Auth\DemoApp.Components.Auth.csproj", "{63A1D715-FA32-40BA-96EE-8584CCB0D4CC}"
EndProject
Global
	GlobalSection(SolutionConfigurationPlatforms) = preSolution
		Debug|Any CPU = Debug|Any CPU
		Release|Any CPU = Release|Any CPU
	EndGlobalSection
	GlobalSection(ProjectConfigurationPlatforms) = postSolution
		{B4141809-E1AC-4301-809B-3D10C515B476}.Debug|Any CPU.ActiveCfg = Debug|Any CPU
		{B4141809-E1AC-4301-809B-3D10C515B476}.Debug|Any CPU.Build.0 = Debug|Any CPU
		{B4141809-E1AC-4301-809B-3D10C515B476}.Release|Any CPU.ActiveCfg = Release|Any CPU
		{B4141809-E1AC-4301-809B-3D10C515B476}.Release|Any CPU.Build.0 = Release|Any CPU
		{B16C4F64-BFBD-4C58-A0B5-6632CFD922CD}.Debug|Any CPU.ActiveCfg = Debug|Any CPU
		{B16C4F64-BFBD-4C58-A0B5-6632CFD922CD}.Debug|Any CPU.Build.0 = Debug|Any CPU
		{B16C4F64-BFBD-4C58-A0B5-6632CFD922CD}.Release|Any CPU.ActiveCfg = Release|Any CPU
		{B16C4F64-BFBD-4C58-A0B5-6632CFD922CD}.Release|Any CPU.Build.0 = Release|Any CPU
		{F7E16B09-4C59-4051-8FF9-8A31F5956767}.Debug|Any CPU.ActiveCfg = Debug|Any CPU
		{F7E16B09-4C59-4051-8FF9-8A31F5956767}.Debug|Any CPU.Build.0 = Debug|Any CPU
		{F7E16B09-4C59-4051-8FF9-8A31F5956767}.Release|Any CPU.ActiveCfg = Release|Any CPU
		{F7E16B09-4C59-4051-8FF9-8A31F5956767}.Release|Any CPU.Build.0 = Release|Any CPU
		{CA866D46-923F-4E5F-AFAF-D60B0DF01825}.Debug|Any CPU.ActiveCfg = Debug|Any CPU
		{CA866D46-923F-4E5F-AFAF-D60B0DF01825}.Debug|Any CPU.Build.0 = Debug|Any CPU
		{CA866D46-923F-4E5F-AFAF-D60B0DF01825}.Debug|Any CPU.Deploy.0 = Debug|Any CPU
		{CA866D46-923F-4E5F-AFAF-D60B0DF01825}.Release|Any CPU.ActiveCfg = Release|Any CPU
		{CA866D46-923F-4E5F-AFAF-D60B0DF01825}.Release|Any CPU.Build.0 = Release|Any CPU
		{CA866D46-923F-4E5F-AFAF-D60B0DF01825}.Release|Any CPU.Deploy.0 = Release|Any CPU
		{4EDEA780-744B-4A84-93E3-59E3B0071D84}.Debug|Any CPU.ActiveCfg = Debug|Any CPU
		{4EDEA780-744B-4A84-93E3-59E3B0071D84}.Debug|Any CPU.Build.0 = Debug|Any CPU
		{4EDEA780-744B-4A84-93E3-59E3B0071D84}.Release|Any CPU.ActiveCfg = Release|Any CPU
		{4EDEA780-744B-4A84-93E3-59E3B0071D84}.Release|Any CPU.Build.0 = Release|Any CPU
		{63A1D715-FA32-40BA-96EE-8584CCB0D4CC}.Debug|Any CPU.ActiveCfg = Debug|Any CPU
		{63A1D715-FA32-40BA-96EE-8584CCB0D4CC}.Debug|Any CPU.Build.0 = Debug|Any CPU
		{63A1D715-FA32-40BA-96EE-8584CCB0D4CC}.Release|Any CPU.ActiveCfg = Release|Any CPU
		{63A1D715-FA32-40BA-96EE-8584CCB0D4CC}.Release|Any CPU.Build.0 = Release|Any CPU
	EndGlobalSection
	GlobalSection(SolutionProperties) = preSolution
		HideSolutionNode = FALSE
	EndGlobalSection
	GlobalSection(ExtensibilityGlobals) = postSolution
		SolutionGuid = {C22F3060-A119-4BF2-BD14-A01F3DFFE439}
	EndGlobalSection
EndGlobal
